
Microsoft Visual Studio Solution File, Format Version 12.00
# Visual Studio Version 16
VisualStudioVersion = 25.0.1705.5
MinimumVisualStudioVersion = 10.0.40219.1
Project("{FAE04EC0-301F-11D3-BF4B-00C04F79EFBC}") = "Project", "Project\Project.csproj", "{C5C7F327-B17A-4A24-AC0C-E59700AB0243}"
EndProject
Global
	GlobalSection(SolutionConfigurationPlatforms) = preSolution
		Debug|Any CPU = Debug|Any CPU
		Release|Any CPU = Release|Any CPU
	EndGlobalSection
	GlobalSection(ProjectConfigurationPlatforms) = postSolution
		{C5C7F327-B17A-4A24-AC0C-E59700AB0243}.Debug|Any CPU.ActiveCfg = Debug|Any CPU
		{C5C7F327-B17A-4A24-AC0C-E59700AB0243}.Debug|Any CPU.Build.0 = Debug|Any CPU
		{C5C7F327-B17A-4A24-AC0C-E59700AB0243}.Release|Any CPU.ActiveCfg = Release|Any CPU
		{C5C7F327-B17A-4A24-AC0C-E59700AB0243}.Release|Any CPU.Build.0 = Release|Any CPU
	EndGlobalSection
	GlobalSection(SolutionProperties) = preSolution
		HideSolutionNode = FALSE
	EndGlobalSection
	GlobalSection(ExtensibilityGlobals) = postSolution
		SolutionGuid = {FFBED205-C63E-435A-9EAB-46DB4B261AE0}
	EndGlobalSection
EndGlobal
